<?xml version="1.0" encoding="utf-8"?>
<Project ToolsVersion="4.0" xmlns="http://schemas.microsoft.com/developer/msbuild/2003">
  <ItemGroup>
    <Filter Include="Include">
      <UniqueIdentifier>{93995380-89BD-4b04-88EB-625FBE52EBFB}</UniqueIdentifier>
      <Extensions>h;hpp;hxx;hm;inl;inc;xsd</Extensions>
    </Filter>
    <Filter Include="Source">
      <UniqueIdentifier>{67DA6AB6-F800-4c08-8B7A-83BB121AAD01}</UniqueIdentifier>
      <Extensions>cpp;c;cc;cxx;def;odl;idl;hpj;bat;asm;asmx</Extensions>
    </Filter>
  </ItemGroup>
  <ItemGroup>
    <ClCompile Include="Source\Character.cpp">
      <Filter>Source</Filter>
    </ClCompile>
    <ClCompile Include="Source\Game.cpp">
      <Filter>Source</Filter>
    </ClCompile>
    <ClCompile Include="Source\TestView.cpp">
      <Filter>Source</Filter>
    </ClCompile>
    <ClCompile Include="Source\MushroomCallback.cpp">
      <Filter>Source</Filter>
    </ClCompile>
    <ClCompile Include="Source\Tests\Tests.cpp">
      <Filter>Source</Filter>
    </ClCompile>
  </ItemGroup>
  <ItemGroup>
    <ClInclude Include="Include\Character.h">
      <Filter>Include</Filter>
    </ClInclude>
    <ClInclude Include="Include\Game.h">
      <Filter>Include</Filter>
    </ClInclude>
    <ClInclude Include="Include\TestView.h">
      <Filter>Include</Filter>
    </ClInclude>
    <ClInclude Include="Include\MushroomCallback.h">
      <Filter>Include</Filter>
    </ClInclude>
    <ClInclude Include="Include\Tests\Tests.h">
      <Filter>Include</Filter>
    </ClInclude>
  </ItemGroup>
</Project>